
Microsoft Visual Studio Solution File, Format Version 12.00
# Visual Studio Version 16
VisualStudioVersion = 16.0.31702.278
MinimumVisualStudioVersion = 10.0.40219.1
Project("{FAE04EC0-301F-11D3-BF4B-00C04F79EFBC}") = "EjerciciosPOO", "EjerciciosPOO\EjerciciosPOO.csproj", "{73F3519F-C012-4D9E-8A10-06F7246F3B2D}"
EndProject
Global
	GlobalSection(SolutionConfigurationPlatforms) = preSolution
		Debug|Any CPU = Debug|Any CPU
		Release|Any CPU = Release|Any CPU
	EndGlobalSection
	GlobalSection(ProjectConfigurationPlatforms) = postSolution
		{73F3519F-C012-4D9E-8A10-06F7246F3B2D}.Debug|Any CPU.ActiveCfg = Debug|Any CPU
		{73F3519F-C012-4D9E-8A10-06F7246F3B2D}.Debug|Any CPU.Build.0 = Debug|Any CPU
		{73F3519F-C012-4D9E-8A10-06F7246F3B2D}.Release|Any CPU.ActiveCfg = Release|Any CPU
		{73F3519F-C012-4D9E-8A10-06F7246F3B2D}.Release|Any CPU.Build.0 = Release|Any CPU
	EndGlobalSection
	GlobalSection(SolutionProperties) = preSolution
		HideSolutionNode = FALSE
	EndGlobalSection
	GlobalSection(ExtensibilityGlobals) = postSolution
		SolutionGuid = {C3D2D350-CD7B-405E-8104-74A780E26DC4}
	EndGlobalSection
EndGlobal
